Microsoft Visual Studio Solution File, Format Version 12.00
# Visual Studio Version 16
VisualStudioVersion = 16.0.0.0
MinimumVisualStudioVersion = 16.0.0.0
Project("{9A19103F-16F7-4668-BE54-9A1E7A4F7556}") = "BlazorDash.Server", "BlazorDash.Server\BlazorDash.Server.csproj", "{C519774E-E6FB-4910-95FB-110343514C7E}"
EndProject
Project("{9A19103F-16F7-4668-BE54-9A1E7A4F7556}") = "BlazorDash.Client", "BlazorDash.Client\BlazorDash.Client.csproj", "{63A3F717-3803-4028-95DE-EDD744581424}"
EndProject
Project("{9A19103F-16F7-4668-BE54-9A1E7A4F7556}") = "BlazorDash.Shared", "BlazorDash.Shared\BlazorDash.Shared.csproj", "{3FA7EFA5-8C63-4349-8506-9A12F45442E6}"
EndProject
Global
	GlobalSection(SolutionConfigurationPlatforms) = preSolution
		Debug|Any CPU = Debug|Any CPU
		Debug|x64 = Debug|x64
		Debug|x86 = Debug|x86
		Release|Any CPU = Release|Any CPU
		Release|x64 = Release|x64
		Release|x86 = Release|x86
	EndGlobalSection
	GlobalSection(ProjectConfigurationPlatforms) = postSolution
		{C519774E-E6FB-4910-95FB-110343514C7E}.Debug|Any CPU.ActiveCfg = Debug|Any CPU
		{C519774E-E6FB-4910-95FB-110343514C7E}.Debug|Any CPU.Build.0 = Debug|Any CPU
		{C519774E-E6FB-4910-95FB-110343514C7E}.Debug|x64.ActiveCfg = Debug|Any CPU
		{C519774E-E6FB-4910-95FB-110343514C7E}.Debug|x64.Build.0 = Debug|Any CPU
		{C519774E-E6FB-4910-95FB-110343514C7E}.Debug|x86.ActiveCfg = Debug|Any CPU
		{C519774E-E6FB-4910-95FB-110343514C7E}.Debug|x86.Build.0 = Debug|Any CPU
		{C519774E-E6FB-4910-95FB-110343514C7E}.Release|Any CPU.ActiveCfg = Release|Any CPU
		{C519774E-E6FB-4910-95FB-110343514C7E}.Release|Any CPU.Build.0 = Release|Any CPU
		{C519774E-E6FB-4910-95FB-110343514C7E}.Release|x64.ActiveCfg = Release|Any CPU
		{C519774E-E6FB-4910-95FB-110343514C7E}.Release|x64.Build.0 = Release|Any CPU
		{C519774E-E6FB-4910-95FB-110343514C7E}.Release|x86.ActiveCfg = Release|Any CPU
		{C519774E-E6FB-4910-95FB-110343514C7E}.Release|x86.Build.0 = Release|Any CPU
		{63A3F717-3803-4028-95DE-EDD744581424}.Debug|Any CPU.ActiveCfg = Debug|Any CPU
		{63A3F717-3803-4028-95DE-EDD744581424}.Debug|Any CPU.Build.0 = Debug|Any CPU
		{63A3F717-3803-4028-95DE-EDD744581424}.Debug|x64.ActiveCfg = Debug|Any CPU
		{63A3F717-3803-4028-95DE-EDD744581424}.Debug|x64.Build.0 = Debug|Any CPU
		{63A3F717-3803-4028-95DE-EDD744581424}.Debug|x86.ActiveCfg = Debug|Any CPU
		{63A3F717-3803-4028-95DE-EDD744581424}.Debug|x86.Build.0 = Debug|Any CPU
		{63A3F717-3803-4028-95DE-EDD744581424}.Release|Any CPU.ActiveCfg = Release|Any CPU
		{63A3F717-3803-4028-95DE-EDD744581424}.Release|Any CPU.Build.0 = Release|Any CPU
		{63A3F717-3803-4028-95DE-EDD744581424}.Release|x64.ActiveCfg = Release|Any CPU
		{63A3F717-3803-4028-95DE-EDD744581424}.Release|x64.Build.0 = Release|Any CPU
		{63A3F717-3803-4028-95DE-EDD744581424}.Release|x86.ActiveCfg = Release|Any CPU
		{63A3F717-3803-4028-95DE-EDD744581424}.Release|x86.Build.0 = Release|Any CPU
		{3FA7EFA5-8C63-4349-8506-9A12F45442E6}.Debug|Any CPU.ActiveCfg = Debug|Any CPU
		{3FA7EFA5-8C63-4349-8506-9A12F45442E6}.Debug|Any CPU.Build.0 = Debug|Any CPU
		{3FA7EFA5-8C63-4349-8506-9A12F45442E6}.Debug|x64.ActiveCfg = Debug|Any CPU
		{3FA7EFA5-8C63-4349-8506-9A12F45442E6}.Debug|x64.Build.0 = Debug|Any CPU
		{3FA7EFA5-8C63-4349-8506-9A12F45442E6}.Debug|x86.ActiveCfg = Debug|Any CPU
		{3FA7EFA5-8C63-4349-8506-9A12F45442E6}.Debug|x86.Build.0 = Debug|Any CPU
		{3FA7EFA5-8C63-4349-8506-9A12F45442E6}.Release|Any CPU.ActiveCfg = Release|Any CPU
		{3FA7EFA5-8C63-4349-8506-9A12F45442E6}.Release|Any CPU.Build.0 = Release|Any CPU
		{3FA7EFA5-8C63-4349-8506-9A12F45442E6}.Release|x64.ActiveCfg = Release|Any CPU
		{3FA7EFA5-8C63-4349-8506-9A12F45442E6}.Release|x64.Build.0 = Release|Any CPU
		{3FA7EFA5-8C63-4349-8506-9A12F45442E6}.Release|x86.ActiveCfg = Release|Any CPU
		{3FA7EFA5-8C63-4349-8506-9A12F45442E6}.Release|x86.Build.0 = Release|Any CPU
	EndGlobalSection
	GlobalSection(SolutionProperties) = preSolution
		HideSolutionNode = FALSE
	EndGlobalSection
	GlobalSection(ExtensibilityGlobals) = postSolution
		SolutionGuid = {46CF186C-3558-49A1-B0EB-488D3CB10971}
	EndGlobalSection
EndGlobal
